// !$*UTF8*$!
{
	archiveVersion = 1;
	classes = {
	};
	objectVersion = 56;
	objects = {

/* Begin PBXBuildFile section */
		DA48BC632C24025C001872E8 /* MyTaskApp.swift in Sources */ = {isa = PBXBuildFile; fileRef = DA48BC622C24025C001872E8 /* MyTaskApp.swift */; };
		DA48BC672C24025E001872E8 /* Assets.xcassets in Resources */ = {isa = PBXBuildFile; fileRef = DA48BC662C24025E001872E8 /* Assets.xcassets */; };
		DA48BC6A2C24025E001872E8 /* Preview Assets.xcassets in Resources */ = {isa = PBXBuildFile; fileRef = DA48BC692C24025E001872E8 /* Preview Assets.xcassets */; };
		DA48BC6C2C24025E001872E8 /* Persistence.swift in Sources */ = {isa = PBXBuildFile; fileRef = DA48BC6B2C24025E001872E8 /* Persistence.swift */; };
		DA48BC6F2C24025E001872E8 /* MyTask.xcdatamodeld in Sources */ = {isa = PBXBuildFile; fileRef = DA48BC6D2C24025E001872E8 /* MyTask.xcdatamodeld */; };
		DA48BC792C24025E001872E8 /* MyTaskTests.swift in Sources */ = {isa = PBXBuildFile; fileRef = DA48BC782C24025E001872E8 /* MyTaskTests.swift */; };
		DA48BC832C24025E001872E8 /* MyTaskUITests.swift in Sources */ = {isa = PBXBuildFile; fileRef = DA48BC822C24025E001872E8 /* MyTaskUITests.swift */; };
		DA48BC852C24025E001872E8 /* MyTaskUITestsLaunchTests.swift in Sources */ = {isa = PBXBuildFile; fileRef = DA48BC842C24025E001872E8 /* MyTaskUITestsLaunchTests.swift */; };
		DA48BC932C2408AB001872E8 /* Task.swift in Sources */ = {isa = PBXBuildFile; fileRef = DA48BC922C2408AB001872E8 /* Task.swift */; };
		DA48BC962C240A22001872E8 /* TaskViewModel.swift in Sources */ = {isa = PBXBuildFile; fileRef = DA48BC952C240A22001872E8 /* TaskViewModel.swift */; };
		DA48BC992C240B67001872E8 /* HomeView.swift in Sources */ = {isa = PBXBuildFile; fileRef = DA48BC982C240B67001872E8 /* HomeView.swift */; };
		DA48BC9C2C240D6A001872E8 /* Date+Extension.swift in Sources */ = {isa = PBXBuildFile; fileRef = DA48BC9B2C240D6A001872E8 /* Date+Extension.swift */; };
		DA48BC9F2C2437CC001872E8 /* AddTaskView.swift in Sources */ = {isa = PBXBuildFile; fileRef = DA48BC9E2C2437CC001872E8 /* AddTaskView.swift */; };
		DA48BCA22C244B53001872E8 /* TaskDetailView.swift in Sources */ = {isa = PBXBuildFile; fileRef = DA48BCA12C244B53001872E8 /* TaskDetailView.swift */; };
/* End PBXBuildFile section */

/* Begin PBXContainerItemProxy section */
		DA48BC752C24025E001872E8 /* PBXContainerItemProxy */ = {
			isa = PBXContainerItemProxy;
			containerPortal = DA48BC572C24025C001872E8 /* Project object */;
			proxyType = 1;
			remoteGlobalIDString = DA48BC5E2C24025C001872E8;
			remoteInfo = MyTask;
		};
		DA48BC7F2C24025E001872E8 /* PBXContainerItemProxy */ = {
			isa = PBXContainerItemProxy;
			containerPortal = DA48BC572C24025C001872E8 /* Project object */;
			proxyType = 1;
			remoteGlobalIDString = DA48BC5E2C24025C001872E8;
			remoteInfo = MyTask;
		};
/* End PBXContainerItemProxy section */

/* Begin PBXFileReference section */
		DA48BC5F2C24025C001872E8 /* MyTask.app */ = {isa = PBXFileReference; explicitFileType = wrapper.application; includeInIndex = 0; path = MyTask.app; sourceTree = BUILT_PRODUCTS_DIR; };
		DA48BC622C24025C001872E8 /* MyTaskApp.swift */ = {isa = PBXFileReference; lastKnownFileType = sourcecode.swift; path = MyTaskApp.swift; sourceTree = "<group>"; };
		DA48BC662C24025E001872E8 /* Assets.xcassets */ = {isa = PBXFileReference; lastKnownFileType = folder.assetcatalog; path = Assets.xcassets; sourceTree = "<group>"; };
		DA48BC692C24025E001872E8 /* Preview Assets.xcassets */ = {isa = PBXFileReference; lastKnownFileType = folder.assetcatalog; path = "Preview Assets.xcassets"; sourceTree = "<group>"; };
		DA48BC6B2C24025E001872E8 /* Persistence.swift */ = {isa = PBXFileReference; lastKnownFileType = sourcecode.swift; path = Persistence.swift; sourceTree = "<group>"; };
		DA48BC6E2C24025E001872E8 /* MyTask.xcdatamodel */ = {isa = PBXFileReference; lastKnownFileType = wrapper.xcdatamodel; path = MyTask.xcdatamodel; sourceTree = "<group>"; };
		DA48BC742C24025E001872E8 /* MyTaskTests.xctest */ = {isa = PBXFileReference; explicitFileType = wrapper.cfbundle; includeInIndex = 0; path = MyTaskTests.xctest; sourceTree = BUILT_PRODUCTS_DIR; };
		DA48BC782C24025E001872E8 /* MyTaskTests.swift */ = {isa = PBXFileReference; lastKnownFileType = sourcecode.swift; path = MyTaskTests.swift; sourceTree = "<group>"; };
		DA48BC7E2C24025E001872E8 /* MyTaskUITests.xctest */ = {isa = PBXFileReference; explicitFileType = wrapper.cfbundle; includeInIndex = 0; path = MyTaskUITests.xctest; sourceTree = BUILT_PRODUCTS_DIR; };
		DA48BC822C24025E001872E8 /* MyTaskUITests.swift */ = {isa = PBXFileReference; lastKnownFileType = sourcecode.swift; path = MyTaskUITests.swift; sourceTree = "<group>"; };
		DA48BC842C24025E001872E8 /* MyTaskUITestsLaunchTests.swift */ = {isa = PBXFileReference; lastKnownFileType = sourcecode.swift; path = MyTaskUITestsLaunchTests.swift; sourceTree = "<group>"; };
		DA48BC922C2408AB001872E8 /* Task.swift */ = {isa = PBXFileReference; lastKnownFileType = sourcecode.swift; path = Task.swift; sourceTree = "<group>"; };
		DA48BC952C240A22001872E8 /* TaskViewModel.swift */ = {isa = PBXFileReference; lastKnownFileType = sourcecode.swift; path = TaskViewModel.swift; sourceTree = "<group>"; };
		DA48BC982C240B67001872E8 /* HomeView.swift */ = {isa = PBXFileReference; lastKnownFileType = sourcecode.swift; path = HomeView.swift; sourceTree = "<group>"; };
		DA48BC9B2C240D6A001872E8 /* Date+Extension.swift */ = {isa = PBXFileReference; lastKnownFileType = sourcecode.swift; path = "Date+Extension.swift"; sourceTree = "<group>"; };
		DA48BC9E2C2437CC001872E8 /* AddTaskView.swift */ = {isa = PBXFileReference; lastKnownFileType = sourcecode.swift; path = AddTaskView.swift; sourceTree = "<group>"; };
		DA48BCA12C244B53001872E8 /* TaskDetailView.swift */ = {isa = PBXFileReference; lastKnownFileType = sourcecode.swift; path = TaskDetailView.swift; sourceTree = "<group>"; };
/* End PBXFileReference section */

/* Begin PBXFrameworksBuildPhase section */
		DA48BC5C2C24025C001872E8 /* Frameworks */ = {
			isa = PBXFrameworksBuildPhase;
			buildActionMask = 2147483647;
			files = (
			);
			runOnlyForDeploymentPostprocessing = 0;
		};
		DA48BC712C24025E001872E8 /* Frameworks */ = {
			isa = PBXFrameworksBuildPhase;
			buildActionMask = 2147483647;
			files = (
			);
			runOnlyForDeploymentPostprocessing = 0;
		};
		DA48BC7B2C24025E001872E8 /* Frameworks */ = {
			isa = PBXFrameworksBuildPhase;
			buildActionMask = 2147483647;
			files = (
			);
			runOnlyForDeploymentPostprocessing = 0;
		};
/* End PBXFrameworksBuildPhase section */

/* Begin PBXGroup section */
		DA48BC562C24025C001872E8 = {
			isa = PBXGroup;
			children = (
				DA48BC612C24025C001872E8 /* MyTask */,
				DA48BC772C24025E001872E8 /* MyTaskTests */,
				DA48BC812C24025E001872E8 /* MyTaskUITests */,
				DA48BC602C24025C001872E8 /* Products */,
			);
			sourceTree = "<group>";
		};
		DA48BC602C24025C001872E8 /* Products */ = {
			isa = PBXGroup;
			children = (
				DA48BC5F2C24025C001872E8 /* MyTask.app */,
				DA48BC742C24025E001872E8 /* MyTaskTests.xctest */,
				DA48BC7E2C24025E001872E8 /* MyTaskUITests.xctest */,
			);
			name = Products;
			sourceTree = "<group>";
		};
		DA48BC612C24025C001872E8 /* MyTask */ = {
			isa = PBXGroup;
			children = (
				DA48BCA02C244B34001872E8 /* TaskDetailView */,
				DA48BC9D2C2437B5001872E8 /* AddTaskView */,
				DA48BC9A2C240D4E001872E8 /* Extension */,
				DA48BC972C240B47001872E8 /* HomeView */,
				DA48BC942C240A01001872E8 /* ViewModel */,
				DA48BC912C24089C001872E8 /* Model */,
				DA48BC622C24025C001872E8 /* MyTaskApp.swift */,
				DA48BC662C24025E001872E8 /* Assets.xcassets */,
				DA48BC6B2C24025E001872E8 /* Persistence.swift */,
				DA48BC6D2C24025E001872E8 /* MyTask.xcdatamodeld */,
				DA48BC682C24025E001872E8 /* Preview Content */,
			);
			path = MyTask;
			sourceTree = "<group>";
		};
		DA48BC682C24025E001872E8 /* Preview Content */ = {
			isa = PBXGroup;
			children = (
				DA48BC692C24025E001872E8 /* Preview Assets.xcassets */,
			);
			path = "Preview Content";
			sourceTree = "<group>";
		};
		DA48BC772C24025E001872E8 /* MyTaskTests */ = {
			isa = PBXGroup;
			children = (
				DA48BC782C24025E001872E8 /* MyTaskTests.swift */,
			);
			path = MyTaskTests;
			sourceTree = "<group>";
		};
		DA48BC812C24025E001872E8 /* MyTaskUITests */ = {
			isa = PBXGroup;
			children = (
				DA48BC822C24025E001872E8 /* MyTaskUITests.swift */,
				DA48BC842C24025E001872E8 /* MyTaskUITestsLaunchTests.swift */,
			);
			path = MyTaskUITests;
			sourceTree = "<group>";
		};
		DA48BC912C24089C001872E8 /* Model */ = {
			isa = PBXGroup;
			children = (
				DA48BC922C2408AB001872E8 /* Task.swift */,
			);
			path = Model;
			sourceTree = "<group>";
		};
		DA48BC942C240A01001872E8 /* ViewModel */ = {
			isa = PBXGroup;
			children = (
				DA48BC952C240A22001872E8 /* TaskViewModel.swift */,
			);
			path = ViewModel;
			sourceTree = "<group>";
		};
		DA48BC972C240B47001872E8 /* HomeView */ = {
			isa = PBXGroup;
			children = (
				DA48BC982C240B67001872E8 /* HomeView.swift */,
			);
			path = HomeView;
			sourceTree = "<group>";
		};
		DA48BC9A2C240D4E001872E8 /* Extension */ = {
			isa = PBXGroup;
			children = (
				DA48BC9B2C240D6A001872E8 /* Date+Extension.swift */,
			);
			path = Extension;
			sourceTree = "<group>";
		};
		DA48BC9D2C2437B5001872E8 /* AddTaskView */ = {
			isa = PBXGroup;
			children = (
				DA48BC9E2C2437CC001872E8 /* AddTaskView.swift */,
			);
			path = AddTaskView;
			sourceTree = "<group>";
		};
		DA48BCA02C244B34001872E8 /* TaskDetailView */ = {
			isa = PBXGroup;
			children = (
				DA48BCA12C244B53001872E8 /* TaskDetailView.swift */,
			);
			path = TaskDetailView;
			sourceTree = "<group>";
		};
/* End PBXGroup section */

/* Begin PBXNativeTarget section */
		DA48BC5E2C24025C001872E8 /* MyTask */ = {
			isa = PBXNativeTarget;
			buildConfigurationList = DA48BC882C24025E001872E8 /* Build configuration list for PBXNativeTarget "MyTask" */;
			buildPhases = (
				DA48BC5B2C24025C001872E8 /* Sources */,
				DA48BC5C2C24025C001872E8 /* Frameworks */,
				DA48BC5D2C24025C001872E8 /* Resources */,
			);
			buildRules = (
			);
			dependencies = (
			);
			name = MyTask;
			productName = MyTask;
			productReference = DA48BC5F2C24025C001872E8 /* MyTask.app */;
			productType = "com.apple.product-type.application";
		};
		DA48BC732C24025E001872E8 /* MyTaskTests */ = {
			isa = PBXNativeTarget;
			buildConfigurationList = DA48BC8B2C24025E001872E8 /* Build configuration list for PBXNativeTarget "MyTaskTests" */;
			buildPhases = (
				DA48BC702C24025E001872E8 /* Sources */,
				DA48BC712C24025E001872E8 /* Frameworks */,
				DA48BC722C24025E001872E8 /* Resources */,
			);
			buildRules = (
			);
			dependencies = (
				DA48BC762C24025E001872E8 /* PBXTargetDependency */,
			);
			name = MyTaskTests;
			productName = MyTaskTests;
			productReference = DA48BC742C24025E001872E8 /* MyTaskTests.xctest */;
			productType = "com.apple.product-type.bundle.unit-test";
		};
		DA48BC7D2C24025E001872E8 /* MyTaskUITests */ = {
			isa = PBXNativeTarget;
			buildConfigurationList = DA48BC8E2C24025E001872E8 /* Build configuration list for PBXNativeTarget "MyTaskUITests" */;
			buildPhases = (
				DA48BC7A2C24025E001872E8 /* Sources */,
				DA48BC7B2C24025E001872E8 /* Frameworks */,
				DA48BC7C2C24025E001872E8 /* Resources */,
			);
			buildRules = (
			);
			dependencies = (
				DA48BC802C24025E001872E8 /* PBXTargetDependency */,
			);
			name = MyTaskUITests;
			productName = MyTaskUITests;
			productReference = DA48BC7E2C24025E001872E8 /* MyTaskUITests.xctest */;
			productType = "com.apple.product-type.bundle.ui-testing";
		};
/* End PBXNativeTarget section */

/* Begin PBXProject section */
		DA48BC572C24025C001872E8 /* Project object */ = {
			isa = PBXProject;
			attributes = {
				BuildIndependentTargetsInParallel = 1;
				LastSwiftUpdateCheck = 1540;
				LastUpgradeCheck = 1540;
				TargetAttributes = {
					DA48BC5E2C24025C001872E8 = {
						CreatedOnToolsVersion = 15.4;
					};
					DA48BC732C24025E001872E8 = {
						CreatedOnToolsVersion = 15.4;
						TestTargetID = DA48BC5E2C24025C001872E8;
					};
					DA48BC7D2C24025E001872E8 = {
						CreatedOnToolsVersion = 15.4;
						TestTargetID = DA48BC5E2C24025C001872E8;
					};
				};
			};
			buildConfigurationList = DA48BC5A2C24025C001872E8 /* Build configuration list for PBXProject "MyTask" */;
			compatibilityVersion = "Xcode 14.0";
			developmentRegion = en;
			hasScannedForEncodings = 0;
			knownRegions = (
				en,
				Base,
			);
			mainGroup = DA48BC562C24025C001872E8;
			productRefGroup = DA48BC602C24025C001872E8 /* Products */;
			projectDirPath = "";
			projectRoot = "";
			targets = (
				DA48BC5E2C24025C001872E8 /* MyTask */,
				DA48BC732C24025E001872E8 /* MyTaskTests */,
				DA48BC7D2C24025E001872E8 /* MyTaskUITests */,
			);
		};
/* End PBXProject section */

/* Begin PBXResourcesBuildPhase section */
		DA48BC5D2C24025C001872E8 /* Resources */ = {
			isa = PBXResourcesBuildPhase;
			buildActionMask = 2147483647;
			files = (
				DA48BC6A2C24025E001872E8 /* Preview Assets.xcassets in Resources */,
				DA48BC672C24025E001872E8 /* Assets.xcassets in Resources */,
			);
			runOnlyForDeploymentPostprocessing = 0;
		};
		DA48BC722C24025E001872E8 /* Resources */ = {
			isa = PBXResourcesBuildPhase;
			buildActionMask = 2147483647;
			files = (
			);
			runOnlyForDeploymentPostprocessing = 0;
		};
		DA48BC7C2C24025E001872E8 /* Resources */ = {
			isa = PBXResourcesBuildPhase;
			buildActionMask = 2147483647;
			files = (
			);
			runOnlyForDeploymentPostprocessing = 0;
		};
/* End PBXResourcesBuildPhase section */

/* Begin PBXSourcesBuildPhase section */
		DA48BC5B2C24025C001872E8 /* Sources */ = {
			isa = PBXSourcesBuildPhase;
			buildActionMask = 2147483647;
			files = (
				DA48BC932C2408AB001872E8 /* Task.swift in Sources */,
				DA48BC6F2C24025E001872E8 /* MyTask.xcdatamodeld in Sources */,
				DA48BC6C2C24025E001872E8 /* Persistence.swift in Sources */,
				DA48BC9F2C2437CC001872E8 /* AddTaskView.swift in Sources */,
				DA48BC992C240B67001872E8 /* HomeView.swift in Sources */,
				DA48BC9C2C240D6A001872E8 /* Date+Extension.swift in Sources */,
				DA48BC962C240A22001872E8 /* TaskViewModel.swift in Sources */,
				DA48BC632C24025C001872E8 /* MyTaskApp.swift in Sources */,
				DA48BCA22C244B53001872E8 /* TaskDetailView.swift in Sources */,
			);
			runOnlyForDeploymentPostprocessing = 0;
		};
		DA48BC702C24025E001872E8 /* Sources */ = {
			isa = PBXSourcesBuildPhase;
			buildActionMask = 2147483647;
			files = (
				DA48BC792C24025E001872E8 /* MyTaskTests.swift in Sources */,
			);
			runOnlyForDeploymentPostprocessing = 0;
		};
		DA48BC7A2C24025E001872E8 /* Sources */ = {
			isa = PBXSourcesBuildPhase;
			buildActionMask = 2147483647;
			files = (
				DA48BC832C24025E001872E8 /* MyTaskUITests.swift in Sources */,
				DA48BC852C24025E001872E8 /* MyTaskUITestsLaunchTests.swift in Sources */,
			);
			runOnlyForDeploymentPostprocessing = 0;
		};
/* End PBXSourcesBuildPhase section */

/* Begin PBXTargetDependency section */
		DA48BC762C24025E001872E8 /* PBXTargetDependency */ = {
			isa = PBXTargetDependency;
			target = DA48BC5E2C24025C001872E8 /* MyTask */;
			targetProxy = DA48BC752C24025E001872E8 /* PBXContainerItemProxy */;
		};
		DA48BC802C24025E001872E8 /* PBXTargetDependency */ = {
			isa = PBXTargetDependency;
			target = DA48BC5E2C24025C001872E8 /* MyTask */;
			targetProxy = DA48BC7F2C24025E001872E8 /* PBXContainerItemProxy */;
		};
/* End PBXTargetDependency section */

/* Begin XCBuildConfiguration section */
		DA48BC862C24025E001872E8 /* Debug */ = {
			isa = XCBuildConfiguration;
			buildSettings = {
				ALWAYS_SEARCH_USER_PATHS = NO;
				ASSETCATALOG_COMPILER_GENERATE_SWIFT_ASSET_SYMBOL_EXTENSIONS = YES;
				CLANG_ANALYZER_NONNULL = YES;
				CLANG_ANALYZER_NUMBER_OBJECT_CONVERSION = YES_AGGRESSIVE;
				CLANG_CXX_LANGUAGE_STANDARD = "gnu++20";
				CLANG_ENABLE_MODULES = YES;
				CLANG_ENABLE_OBJC_ARC = YES;
				CLANG_ENABLE_OBJC_WEAK = YES;
				CLANG_WARN_BLOCK_CAPTURE_AUTORELEASING = YES;
				CLANG_WARN_BOOL_CONVERSION = YES;
				CLANG_WARN_COMMA = YES;
				CLANG_WARN_CONSTANT_CONVERSION = YES;
				CLANG_WARN_DEPRECATED_OBJC_IMPLEMENTATIONS = YES;
				CLANG_WARN_DIRECT_OBJC_ISA_USAGE = YES_ERROR;
				CLANG_WARN_DOCUMENTATION_COMMENTS = YES;
				CLANG_WARN_EMPTY_BODY = YES;
				CLANG_WARN_ENUM_CONVERSION = YES;
				CLANG_WARN_INFINITE_RECURSION = YES;
				CLANG_WARN_INT_CONVERSION = YES;
				CLANG_WARN_NON_LITERAL_NULL_CONVERSION = YES;
				CLANG_WARN_OBJC_IMPLICIT_RETAIN_SELF = YES;
				CLANG_WARN_OBJC_LITERAL_CONVERSION = YES;
				CLANG_WARN_OBJC_ROOT_CLASS = YES_ERROR;
				CLANG_WARN_QUOTED_INCLUDE_IN_FRAMEWORK_HEADER = YES;
				CLANG_WARN_RANGE_LOOP_ANALYSIS = YES;
				CLANG_WARN_STRICT_PROTOTYPES = YES;
				CLANG_WARN_SUSPICIOUS_MOVE = YES;
				CLANG_WARN_UNGUARDED_AVAILABILITY = YES_AGGRESSIVE;
				CLANG_WARN_UNREACHABLE_CODE = YES;
				CLANG_WARN__DUPLICATE_METHOD_MATCH = YES;
				COPY_PHASE_STRIP = NO;
				DEBUG_INFORMATION_FORMAT = dwarf;
				ENABLE_STRICT_OBJC_MSGSEND = YES;
				ENABLE_TESTABILITY = YES;
				ENABLE_USER_SCRIPT_SANDBOXING = YES;
				GCC_C_LANGUAGE_STANDARD = gnu17;
				GCC_DYNAMIC_NO_PIC = NO;
				GCC_NO_COMMON_BLOCKS = YES;
				GCC_OPTIMIZATION_LEVEL = 0;
				GCC_PREPROCESSOR_DEFINITIONS = (
					"DEBUG=1",
					"$(inherited)",
				);
				GCC_WARN_64_TO_32_BIT_CONVERSION = YES;
				GCC_WARN_ABOUT_RETURN_TYPE = YES_ERROR;
				GCC_WARN_UNDECLARED_SELECTOR = YES;
				GCC_WARN_UNINITIALIZED_AUTOS = YES_AGGRESSIVE;
				GCC_WARN_UNUSED_FUNCTION = YES;
				GCC_WARN_UNUSED_VARIABLE = YES;
				IPHONEOS_DEPLOYMENT_TARGET = 17.5;
				LOCALIZATION_PREFERS_STRING_CATALOGS = YES;
				MTL_ENABLE_DEBUG_INFO = INCLUDE_SOURCE;
				MTL_FAST_MATH = YES;
				ONLY_ACTIVE_ARCH = YES;
				SDKROOT = iphoneos;
				SWIFT_ACTIVE_COMPILATION_CONDITIONS = "DEBUG $(inherited)";
				SWIFT_OPTIMIZATION_LEVEL = "-Onone";
			};
			name = Debug;
		};
		DA48BC872C24025E001872E8 /* Release */ = {
			isa = XCBuildConfiguration;
			buildSettings = {
				ALWAYS_SEARCH_USER_PATHS = NO;
				ASSETCATALOG_COMPILER_GENERATE_SWIFT_ASSET_SYMBOL_EXTENSIONS = YES;
				CLANG_ANALYZER_NONNULL = YES;
				CLANG_ANALYZER_NUMBER_OBJECT_CONVERSION = YES_AGGRESSIVE;
				CLANG_CXX_LANGUAGE_STANDARD = "gnu++20";
				CLANG_ENABLE_MODULES = YES;
				CLANG_ENABLE_OBJC_ARC = YES;
				CLANG_ENABLE_OBJC_WEAK = YES;
				CLANG_WARN_BLOCK_CAPTURE_AUTORELEASING = YES;
				CLANG_WARN_BOOL_CONVERSION = YES;
				CLANG_WARN_COMMA = YES;
				CLANG_WARN_CONSTANT_CONVERSION = YES;
				CLANG_WARN_DEPRECATED_OBJC_IMPLEMENTATIONS = YES;
				CLANG_WARN_DIRECT_OBJC_ISA_USAGE = YES_ERROR;
				CLANG_WARN_DOCUMENTATION_COMMENTS = YES;
				CLANG_WARN_EMPTY_BODY = YES;
				CLANG_WARN_ENUM_CONVERSION = YES;
				CLANG_WARN_INFINITE_RECURSION = YES;
				CLANG_WARN_INT_CONVERSION = YES;
				CLANG_WARN_NON_LITERAL_NULL_CONVERSION = YES;
				CLANG_WARN_OBJC_IMPLICIT_RETAIN_SELF = YES;
				CLANG_WARN_OBJC_LITERAL_CONVERSION = YES;
				CLANG_WARN_OBJC_ROOT_CLASS = YES_ERROR;
				CLANG_WARN_QUOTED_INCLUDE_IN_FRAMEWORK_HEADER = YES;
				CLANG_WARN_RANGE_LOOP_ANALYSIS = YES;
				CLANG_WARN_STRICT_PROTOTYPES = YES;
				CLANG_WARN_SUSPICIOUS_MOVE = YES;
				CLANG_WARN_UNGUARDED_AVAILABILITY = YES_AGGRESSIVE;
				CLANG_WARN_UNREACHABLE_CODE = YES;
				CLANG_WARN__DUPLICATE_METHOD_MATCH = YES;
				COPY_PHASE_STRIP = NO;
				DEBUG_INFORMATION_FORMAT = "dwarf-with-dsym";
				ENABLE_NS_ASSERTIONS = NO;
				ENABLE_STRICT_OBJC_MSGSEND = YES;
				ENABLE_USER_SCRIPT_SANDBOXING = YES;
				GCC_C_LANGUAGE_STANDARD = gnu17;
				GCC_NO_COMMON_BLOCKS = YES;
				GCC_WARN_64_TO_32_BIT_CONVERSION = YES;
				GCC_WARN_ABOUT_RETURN_TYPE = YES_ERROR;
				GCC_WARN_UNDECLARED_SELECTOR = YES;
				GCC_WARN_UNINITIALIZED_AUTOS = YES_AGGRESSIVE;
				GCC_WARN_UNUSED_FUNCTION = YES;
				GCC_WARN_UNUSED_VARIABLE = YES;
				IPHONEOS_DEPLOYMENT_TARGET = 17.5;
				LOCALIZATION_PREFERS_STRING_CATALOGS = YES;
				MTL_ENABLE_DEBUG_INFO = NO;
				MTL_FAST_MATH = YES;
				SDKROOT = iphoneos;
				SWIFT_COMPILATION_MODE = wholemodule;
				VALIDATE_PRODUCT = YES;
			};
			name = Release;
		};
		DA48BC892C24025E001872E8 /* Debug */ = {
			isa = XCBuildConfiguration;
			buildSettings = {
				ASSETCATALOG_COMPILER_APPICON_NAME = AppIcon;
				ASSETCATALOG_COMPILER_GLOBAL_ACCENT_COLOR_NAME = AccentColor;
				CODE_SIGN_STYLE = Automatic;
				CURRENT_PROJECT_VERSION = 1;
				DEVELOPMENT_ASSET_PATHS = "\"MyTask/Preview Content\"";
				DEVELOPMENT_TEAM = B7A2P3AXXN;
				ENABLE_PREVIEWS = YES;
				GENERATE_INFOPLIST_FILE = YES;
				INFOPLIST_KEY_UIApplicationSceneManifest_Generation = YES;
				INFOPLIST_KEY_UIApplicationSupportsIndirectInputEvents = YES;
				INFOPLIST_KEY_UILaunchScreen_Generation = YES;
				INFOPLIST_KEY_UISupportedInterfaceOrientations_iPad = "UIInterfaceOrientationPortrait UIInterfaceOrientationPortraitUpsideDown UIInterfaceOrientationLandscapeLeft UIInterfaceOrientationLandscapeRight";
				INFOPLIST_KEY_UISupportedInterfaceOrientations_iPhone = "UIInterfaceOrientationPortrait UIInterfaceOrientationLandscapeLeft UIInterfaceOrientationLandscapeRight";
				LD_RUNPATH_SEARCH_PATHS = (
					"$(inherited)",
					"@executable_path/Frameworks",
				);
				MARKETING_VERSION = 1.0;
				PRODUCT_BUNDLE_IDENTIFIER = com.systemsltd.MyTask;
				PRODUCT_NAME = "$(TARGET_NAME)";
				SWIFT_EMIT_LOC_STRINGS = YES;
				SWIFT_VERSION = 5.0;
				TARGETED_DEVICE_FAMILY = "1,2";
			};
			name = Debug;
		};
		DA48BC8A2C24025E001872E8 /* Release */ = {
			isa = XCBuildConfiguration;
			buildSettings = {
				ASSETCATALOG_COMPILER_APPICON_NAME = AppIcon;
				ASSETCATALOG_COMPILER_GLOBAL_ACCENT_COLOR_NAME = AccentColor;
				CODE_SIGN_STYLE = Automatic;
				CURRENT_PROJECT_VERSION = 1;
				DEVELOPMENT_ASSET_PATHS = "\"MyTask/Preview Content\"";
				DEVELOPMENT_TEAM = B7A2P3AXXN;
				ENABLE_PREVIEWS = YES;
				GENERATE_INFOPLIST_FILE = YES;
				INFOPLIST_KEY_UIApplicationSceneManifest_Generation = YES;
				INFOPLIST_KEY_UIApplicationSupportsIndirectInputEvents = YES;
				INFOPLIST_KEY_UILaunchScreen_Generation = YES;
				INFOPLIST_KEY_UISupportedInterfaceOrientations_iPad = "UIInterfaceOrientationPortrait UIInterfaceOrientationPortraitUpsideDown UIInterfaceOrientationLandscapeLeft UIInterfaceOrientationLandscapeRight";
				INFOPLIST_KEY_UISupportedInterfaceOrientations_iPhone = "UIInterfaceOrientationPortrait UIInterfaceOrientationLandscapeLeft UIInterfaceOrientationLandscapeRight";
				LD_RUNPATH_SEARCH_PATHS = (
					"$(inherited)",
					"@executable_path/Frameworks",
				);
				MARKETING_VERSION = 1.0;
				PRODUCT_BUNDLE_IDENTIFIER = com.systemsltd.MyTask;
				PRODUCT_NAME = "$(TARGET_NAME)";
				SWIFT_EMIT_LOC_STRINGS = YES;
				SWIFT_VERSION = 5.0;
				TARGETED_DEVICE_FAMILY = "1,2";
			};
			name = Release;
		};
		DA48BC8C2C24025E001872E8 /* Debug */ = {
			isa = XCBuildConfiguration;
			buildSettings = {
				ALWAYS_EMBED_SWIFT_STANDARD_LIBRARIES = YES;
				BUNDLE_LOADER = "$(TEST_HOST)";
				CODE_SIGN_STYLE = Automatic;
				CURRENT_PROJECT_VERSION = 1;
				DEVELOPMENT_TEAM = B7A2P3AXXN;
				GENERATE_INFOPLIST_FILE = YES;
				IPHONEOS_DEPLOYMENT_TARGET = 17.5;
				MARKETING_VERSION = 1.0;
				PRODUCT_BUNDLE_IDENTIFIER = com.systemsltd.MyTaskTests;
				PRODUCT_NAME = "$(TARGET_NAME)";
				SWIFT_EMIT_LOC_STRINGS = NO;
				SWIFT_VERSION = 5.0;
				TARGETED_DEVICE_FAMILY = "1,2";
				TEST_HOST = "$(BUILT_PRODUCTS_DIR)/MyTask.app/$(BUNDLE_EXECUTABLE_FOLDER_PATH)/MyTask";
			};
			name = Debug;
		};
		DA48BC8D2C24025E001872E8 /* Release */ = {
			isa = XCBuildConfiguration;
			buildSettings = {
				ALWAYS_EMBED_SWIFT_STANDARD_LIBRARIES = YES;
				BUNDLE_LOADER = "$(TEST_HOST)";
				CODE_SIGN_STYLE = Automatic;
				CURRENT_PROJECT_VERSION = 1;
				DEVELOPMENT_TEAM = B7A2P3AXXN;
				GENERATE_INFOPLIST_FILE = YES;
				IPHONEOS_DEPLOYMENT_TARGET = 17.5;
				MARKETING_VERSION = 1.0;
				PRODUCT_BUNDLE_IDENTIFIER = com.systemsltd.MyTaskTests;
				PRODUCT_NAME = "$(TARGET_NAME)";
				SWIFT_EMIT_LOC_STRINGS = NO;
				SWIFT_VERSION = 5.0;
				TARGETED_DEVICE_FAMILY = "1,2";
				TEST_HOST = "$(BUILT_PRODUCTS_DIR)/MyTask.app/$(BUNDLE_EXECUTABLE_FOLDER_PATH)/MyTask";
			};
			name = Release;
		};
		DA48BC8F2C24025E001872E8 /* Debug */ = {
			isa = XCBuildConfiguration;
			buildSettings = {
				ALWAYS_EMBED_SWIFT_STANDARD_LIBRARIES = YES;
				CODE_SIGN_STYLE = Automatic;
				CURRENT_PROJECT_VERSION = 1;
				DEVELOPMENT_TEAM = B7A2P3AXXN;
				GENERATE_INFOPLIST_FILE = YES;
				MARKETING_VERSION = 1.0;
				PRODUCT_BUNDLE_IDENTIFIER = com.systemsltd.MyTaskUITests;
				PRODUCT_NAME = "$(TARGET_NAME)";
				SWIFT_EMIT_LOC_STRINGS = NO;
				SWIFT_VERSION = 5.0;
				TARGETED_DEVICE_FAMILY = "1,2";
				TEST_TARGET_NAME = MyTask;
			};
			name = Debug;
		};
		DA48BC902C24025E001872E8 /* Release */ = {
			isa = XCBuildConfiguration;
			buildSettings = {
				ALWAYS_EMBED_SWIFT_STANDARD_LIBRARIES = YES;
				CODE_SIGN_STYLE = Automatic;
				CURRENT_PROJECT_VERSION = 1;
				DEVELOPMENT_TEAM = B7A2P3AXXN;
				GENERATE_INFOPLIST_FILE = YES;
				MARKETING_VERSION = 1.0;
				PRODUCT_BUNDLE_IDENTIFIER = com.systemsltd.MyTaskUITests;
				PRODUCT_NAME = "$(TARGET_NAME)";
				SWIFT_EMIT_LOC_STRINGS = NO;
				SWIFT_VERSION = 5.0;
				TARGETED_DEVICE_FAMILY = "1,2";
				TEST_TARGET_NAME = MyTask;
			};
			name = Release;
		};
/* End XCBuildConfiguration section */

/* Begin XCConfigurationList section */
		DA48BC5A2C24025C001872E8 /* Build configuration list for PBXProject "MyTask" */ = {
			isa = XCConfigurationList;
			buildConfigurations = (
				DA48BC862C24025E001872E8 /* Debug */,
				DA48BC872C24025E001872E8 /* Release */,
			);
			defaultConfigurationIsVisible = 0;
			defaultConfigurationName = Release;
		};
		DA48BC882C24025E001872E8 /* Build configuration list for PBXNativeTarget "MyTask" */ = {
			isa = XCConfigurationList;
			buildConfigurations = (
				DA48BC892C24025E001872E8 /* Debug */,
				DA48BC8A2C24025E001872E8 /* Release */,
			);
			defaultConfigurationIsVisible = 0;
			defaultConfigurationName = Release;
		};
		DA48BC8B2C24025E001872E8 /* Build configuration list for PBXNativeTarget "MyTaskTests" */ = {
			isa = XCConfigurationList;
			buildConfigurations = (
				DA48BC8C2C24025E001872E8 /* Debug */,
				DA48BC8D2C24025E001872E8 /* Release */,
			);
			defaultConfigurationIsVisible = 0;
			defaultConfigurationName = Release;
		};
		DA48BC8E2C24025E001872E8 /* Build configuration list for PBXNativeTarget "MyTaskUITests" */ = {
			isa = XCConfigurationList;
			buildConfigurations = (
				DA48BC8F2C24025E001872E8 /* Debug */,
				DA48BC902C24025E001872E8 /* Release */,
			);
			defaultConfigurationIsVisible = 0;
			defaultConfigurationName = Release;
		};
/* End XCConfigurationList section */

/* Begin XCVersionGroup section */
		DA48BC6D2C24025E001872E8 /* MyTask.xcdatamodeld */ = {
			isa = XCVersionGroup;
			children = (
				DA48BC6E2C24025E001872E8 /* MyTask.xcdatamodel */,
			);
			currentVersion = DA48BC6E2C24025E001872E8 /* MyTask.xcdatamodel */;
			path = MyTask.xcdatamodeld;
			sourceTree = "<group>";
			versionGroupType = wrapper.xcdatamodel;
		};
/* End XCVersionGroup section */
	};
	rootObject = DA48BC572C24025C001872E8 /* Project object */;
}
